Microsoft Visual Studio Solution File, Format Version 12.00
# Visual Studio Version 17
VisualStudioVersion = 17.5.2.0
MinimumVisualStudioVersion = 10.0.40219.1
Project("{FAE04EC0-301F-11D3-BF4B-00C04F79EFBC}") = "dotnet-web-api-project", "dotnet-web-api-project.csproj", "{4BEB3132-3037-398C-6D9D-EAC59406CBF4}"
EndProject
Global
	GlobalSection(SolutionConfigurationPlatforms) = preSolution
		Debug|Any CPU = Debug|Any CPU
		Release|Any CPU = Release|Any CPU
	EndGlobalSection
	GlobalSection(ProjectConfigurationPlatforms) = postSolution
		{4BEB3132-3037-398C-6D9D-EAC59406CBF4}.Debug|Any CPU.ActiveCfg = Debug|Any CPU
		{4BEB3132-3037-398C-6D9D-EAC59406CBF4}.Debug|Any CPU.Build.0 = Debug|Any CPU
		{4BEB3132-3037-398C-6D9D-EAC59406CBF4}.Release|Any CPU.ActiveCfg = Release|Any CPU
		{4BEB3132-3037-398C-6D9D-EAC59406CBF4}.Release|Any CPU.Build.0 = Release|Any CPU
	EndGlobalSection
	GlobalSection(SolutionProperties) = preSolution
		HideSolutionNode = FALSE
	EndGlobalSection
	GlobalSection(ExtensibilityGlobals) = postSolution
		SolutionGuid = {824C2DF3-DD81-42A5-AE29-B619BAB5B5F2}
	EndGlobalSection
EndGlobal
